<?xml version="1.0" encoding="utf-8"?>
<Project ToolsVersion="4.0" xmlns="http://schemas.microsoft.com/developer/msbuild/2003">
  <ItemGroup>
    <Filter Include="Source Files">
      <UniqueIdentifier>{4FC737F1-C7A5-4376-A066-2A32D752A2FF}</UniqueIdentifier>
      <Extensions>cpp;c;cc;cxx;c++;cppm;ixx;def;odl;idl;hpj;bat;asm;asmx</Extensions>
    </Filter>
    <Filter Include="Header Files">
      <UniqueIdentifier>{93995380-89BD-4b04-88EB-625FBE52EBFB}</UniqueIdentifier>
      <Extensions>h;hh;hpp;hxx;h++;hm;inl;inc;ipp;xsd</Extensions>
    </Filter>
    <Filter Include="Resource Files">
      <UniqueIdentifier>{67DA6AB6-F800-4c08-8B7A-83BB121AAD01}</UniqueIdentifier>
      <Extensions>rc;ico;cur;bmp;dlg;rc2;rct;bin;rgs;gif;jpg;jpeg;jpe;resx;tiff;tif;png;wav;mfcribbon-ms</Extensions>
    </Filter>
    <Filter Include="Source Files\windows">
      <UniqueIdentifier>{95f30b55-f26c-4d41-9dc5-f5d446727b5b}</UniqueIdentifier>
    </Filter>
    <Filter Include="Header Files\gui">
      <UniqueIdentifier>{d45cc918-6c3d-459a-8cce-bf043b9618ba}</UniqueIdentifier>
    </Filter>
    <Filter Include="Source Files\gui">
      <UniqueIdentifier>{079fdd2e-cec5-4179-bf30-0b39fe646be9}</UniqueIdentifier>
    </Filter>
  </ItemGroup>
  <ItemGroup>
    <ClCompile Include="main.cpp">
      <Filter>Source Files</Filter>
    </ClCompile>
    <ClCompile Include="os_m.ixx">
      <Filter>Header Files</Filter>
    </ClCompile>
    <ClCompile Include="global_m.ixx">
      <Filter>Header Files</Filter>
    </ClCompile>
    <ClCompile Include="debug_m.ixx">
      <Filter>Header Files</Filter>
    </ClCompile>
    <ClCompile Include="typedefs_m.ixx">
      <Filter>Header Files</Filter>
    </ClCompile>
    <ClCompile Include="debug.cpp">
      <Filter>Source Files</Filter>
    </ClCompile>
    <ClCompile Include="config_m.ixx">
      <Filter>Header Files</Filter>
    </ClCompile>
    <ClCompile Include="config.cpp">
      <Filter>Source Files</Filter>
    </ClCompile>
    <ClCompile Include="string_m.ixx">
      <Filter>Header Files</Filter>
    </ClCompile>
    <ClCompile Include="windows\os_windows_m.ixx">
      <Filter>Header Files</Filter>
    </ClCompile>
    <ClCompile Include="windows\os_windows.cpp">
      <Filter>Source Files\windows</Filter>
    </ClCompile>
    <ClCompile Include="windows\os_windows_error.cpp">
      <Filter>Source Files\windows</Filter>
    </ClCompile>
    <ClCompile Include="windows\main_m.ixx">
      <Filter>Header Files</Filter>
    </ClCompile>
    <ClCompile Include="windows\main.cpp">
      <Filter>Source Files\windows</Filter>
    </ClCompile>
    <ClCompile Include="gui\main_window_m.ixx">
      <Filter>Header Files\gui</Filter>
    </ClCompile>
    <ClCompile Include="gui\main_window.cpp">
      <Filter>Source Files\gui</Filter>
    </ClCompile>
    <ClCompile Include="gui\window_m.ixx">
      <Filter>Header Files\gui</Filter>
    </ClCompile>
    <ClCompile Include="gui\window.cpp">
      <Filter>Source Files\gui</Filter>
    </ClCompile>
  </ItemGroup>
  <ItemGroup>
    <ClInclude Include="global.h">
      <Filter>Header Files</Filter>
    </ClInclude>
  </ItemGroup>
  <ItemGroup>
    <Text Include="wip.txt">
      <Filter>Resource Files</Filter>
    </Text>
  </ItemGroup>
</Project>